// !$*UTF8*$!
{
	archiveVersion = 1;
	classes = {
	};
	objectVersion = 46;
	objects = {

/* Begin PBXBuildFile section */
		0645C7191C3D15F80075AC77 /* main.m in Sources */ = {isa = PBXBuildFile; fileRef = 0645C7181C3D15F80075AC77 /* main.m */; };
		0645C71C1C3D15F80075AC77 /* AppDelegate.m in Sources */ = {isa = PBXBuildFile; fileRef = 0645C71B1C3D15F80075AC77 /* AppDelegate.m */; };
		0645C71F1C3D15F80075AC77 /* ViewController.m in Sources */ = {isa = PBXBuildFile; fileRef = 0645C71E1C3D15F80075AC77 /* ViewController.m */; };
		0645C7221C3D15F80075AC77 /* Main.storyboard in Resources */ = {isa = PBXBuildFile; fileRef = 0645C7201C3D15F80075AC77 /* Main.storyboard */; };
		0645C7241C3D15F80075AC77 /* Assets.xcassets in Resources */ = {isa = PBXBuildFile; fileRef = 0645C7231C3D15F80075AC77 /* Assets.xcassets */; };
		0645C7271C3D15F80075AC77 /* LaunchScreen.storyboard in Resources */ = {isa = PBXBuildFile; fileRef = 0645C7251C3D15F80075AC77 /* LaunchScreen.storyboard */; };
		0645C7321C3D15F80075AC77 /* MyCenterDemoTests.m in Sources */ = {isa = PBXBuildFile; fileRef = 0645C7311C3D15F80075AC77 /* MyCenterDemoTests.m */; };
		0645C73D1C3D15F80075AC77 /* MyCenterDemoUITests.m in Sources */ = {isa = PBXBuildFile; fileRef = 0645C73C1C3D15F80075AC77 /* MyCenterDemoUITests.m */; };
/* End PBXBuildFile section */

/* Begin PBXContainerItemProxy section */
		0645C72E1C3D15F80075AC77 /* PBXContainerItemProxy */ = {
			isa = PBXContainerItemProxy;
			containerPortal = 0645C70C1C3D15F80075AC77 /* Project object */;
			proxyType = 1;
			remoteGlobalIDString = 0645C7131C3D15F80075AC77;
			remoteInfo = MyCenterDemo;
		};
		0645C7391C3D15F80075AC77 /* PBXContainerItemProxy */ = {
			isa = PBXContainerItemProxy;
			containerPortal = 0645C70C1C3D15F80075AC77 /* Project object */;
			proxyType = 1;
			remoteGlobalIDString = 0645C7131C3D15F80075AC77;
			remoteInfo = MyCenterDemo;
		};
/* End PBXContainerItemProxy section */

/* Begin PBXFileReference section */
		0645C7141C3D15F80075AC77 /* MyCenterDemo.app */ = {isa = PBXFileReference; explicitFileType = wrapper.application; includeInIndex = 0; path = MyCenterDemo.app; sourceTree = BUILT_PRODUCTS_DIR; };
		0645C7181C3D15F80075AC77 /* main.m */ = {isa = PBXFileReference; lastKnownFileType = sourcecode.c.objc; path = main.m; sourceTree = "<group>"; };
		0645C71A1C3D15F80075AC77 /* AppDelegate.h */ = {isa = PBXFileReference; lastKnownFileType = sourcecode.c.h; path = AppDelegate.h; sourceTree = "<group>"; };
		0645C71B1C3D15F80075AC77 /* AppDelegate.m */ = {isa = PBXFileReference; lastKnownFileType = sourcecode.c.objc; path = AppDelegate.m; sourceTree = "<group>"; };
		0645C71D1C3D15F80075AC77 /* ViewController.h */ = {isa = PBXFileReference; lastKnownFileType = sourcecode.c.h; path = ViewController.h; sourceTree = "<group>"; };
		0645C71E1C3D15F80075AC77 /* ViewController.m */ = {isa = PBXFileReference; lastKnownFileType = sourcecode.c.objc; path = ViewController.m; sourceTree = "<group>"; };
		0645C7211C3D15F80075AC77 /* Base */ = {isa = PBXFileReference; lastKnownFileType = file.storyboard; name = Base; path = Base.lproj/Main.storyboard; sourceTree = "<group>"; };
		0645C7231C3D15F80075AC77 /* Assets.xcassets */ = {isa = PBXFileReference; lastKnownFileType = folder.assetcatalog; path = Assets.xcassets; sourceTree = "<group>"; };
		0645C7261C3D15F80075AC77 /* Base */ = {isa = PBXFileReference; lastKnownFileType = file.storyboard; name = Base; path = Base.lproj/LaunchScreen.storyboard; sourceTree = "<group>"; };
		0645C7281C3D15F80075AC77 /* Info.plist */ = {isa = PBXFileReference; lastKnownFileType = text.plist.xml; path = Info.plist; sourceTree = "<group>"; };
		0645C72D1C3D15F80075AC77 /* MyCenterDemoTests.xctest */ = {isa = PBXFileReference; explicitFileType = wrapper.cfbundle; includeInIndex = 0; path = MyCenterDemoTests.xctest; sourceTree = BUILT_PRODUCTS_DIR; };
		0645C7311C3D15F80075AC77 /* MyCenterDemoTests.m */ = {isa = PBXFileReference; lastKnownFileType = sourcecode.c.objc; path = MyCenterDemoTests.m; sourceTree = "<group>"; };
		0645C7331C3D15F80075AC77 /* Info.plist */ = {isa = PBXFileReference; lastKnownFileType = text.plist.xml; path = Info.plist; sourceTree = "<group>"; };
		0645C7381C3D15F80075AC77 /* MyCenterDemoUITests.xctest */ = {isa = PBXFileReference; explicitFileType = wrapper.cfbundle; includeInIndex = 0; path = MyCenterDemoUITests.xctest; sourceTree = BUILT_PRODUCTS_DIR; };
		0645C73C1C3D15F80075AC77 /* MyCenterDemoUITests.m */ = {isa = PBXFileReference; lastKnownFileType = sourcecode.c.objc; path = MyCenterDemoUITests.m; sourceTree = "<group>"; };
		0645C73E1C3D15F80075AC77 /* Info.plist */ = {isa = PBXFileReference; lastKnownFileType = text.plist.xml; path = Info.plist; sourceTree = "<group>"; };
/* End PBXFileReference section */

/* Begin PBXFrameworksBuildPhase section */
		0645C7111C3D15F80075AC77 /* Frameworks */ = {
			isa = PBXFrameworksBuildPhase;
			buildActionMask = 2147483647;
			files = (
			);
			runOnlyForDeploymentPostprocessing = 0;
		};
		0645C72A1C3D15F80075AC77 /* Frameworks */ = {
			isa = PBXFrameworksBuildPhase;
			buildActionMask = 2147483647;
			files = (
			);
			runOnlyForDeploymentPostprocessing = 0;
		};
		0645C7351C3D15F80075AC77 /* Frameworks */ = {
			isa = PBXFrameworksBuildPhase;
			buildActionMask = 2147483647;
			files = (
			);
			runOnlyForDeploymentPostprocessing = 0;
		};
/* End PBXFrameworksBuildPhase section */

/* Begin PBXGroup section */
		0645C70B1C3D15F70075AC77 = {
			isa = PBXGroup;
			children = (
				0645C7161C3D15F80075AC77 /* MyCenterDemo */,
				0645C7301C3D15F80075AC77 /* MyCenterDemoTests */,
				0645C73B1C3D15F80075AC77 /* MyCenterDemoUITests */,
				0645C7151C3D15F80075AC77 /* Products */,
			);
			sourceTree = "<group>";
		};
		0645C7151C3D15F80075AC77 /* Products */ = {
			isa = PBXGroup;
			children = (
				0645C7141C3D15F80075AC77 /* MyCenterDemo.app */,
				0645C72D1C3D15F80075AC77 /* MyCenterDemoTests.xctest */,
				0645C7381C3D15F80075AC77 /* MyCenterDemoUITests.xctest */,
			);
			name = Products;
			sourceTree = "<group>";
		};
		0645C7161C3D15F80075AC77 /* MyCenterDemo */ = {
			isa = PBXGroup;
			children = (
				0645C71A1C3D15F80075AC77 /* AppDelegate.h */,
				0645C71B1C3D15F80075AC77 /* AppDelegate.m */,
				0645C71D1C3D15F80075AC77 /* ViewController.h */,
				0645C71E1C3D15F80075AC77 /* ViewController.m */,
				0645C7201C3D15F80075AC77 /* Main.storyboard */,
				0645C7231C3D15F80075AC77 /* Assets.xcassets */,
				0645C7251C3D15F80075AC77 /* LaunchScreen.storyboard */,
				0645C7281C3D15F80075AC77 /* Info.plist */,
				0645C7171C3D15F80075AC77 /* Supporting Files */,
			);
			path = MyCenterDemo;
			sourceTree = "<group>";
		};
		0645C7171C3D15F80075AC77 /* Supporting Files */ = {
			isa = PBXGroup;
			children = (
				0645C7181C3D15F80075AC77 /* main.m */,
			);
			name = "Supporting Files";
			sourceTree = "<group>";
		};
		0645C7301C3D15F80075AC77 /* MyCenterDemoTests */ = {
			isa = PBXGroup;
			children = (
				0645C7311C3D15F80075AC77 /* MyCenterDemoTests.m */,
				0645C7331C3D15F80075AC77 /* Info.plist */,
			);
			path = MyCenterDemoTests;
			sourceTree = "<group>";
		};
		0645C73B1C3D15F80075AC77 /* MyCenterDemoUITests */ = {
			isa = PBXGroup;
			children = (
				0645C73C1C3D15F80075AC77 /* MyCenterDemoUITests.m */,
				0645C73E1C3D15F80075AC77 /* Info.plist */,
			);
			path = MyCenterDemoUITests;
			sourceTree = "<group>";
		};
/* End PBXGroup section */

/* Begin PBXNativeTarget section */
		0645C7131C3D15F80075AC77 /* MyCenterDemo */ = {
			isa = PBXNativeTarget;
			buildConfigurationList = 0645C7411C3D15F80075AC77 /* Build configuration list for PBXNativeTarget "MyCenterDemo" */;
			buildPhases = (
				0645C7101C3D15F80075AC77 /* Sources */,
				0645C7111C3D15F80075AC77 /* Frameworks */,
				0645C7121C3D15F80075AC77 /* Resources */,
			);
			buildRules = (
			);
			dependencies = (
			);
			name = MyCenterDemo;
			productName = MyCenterDemo;
			productReference = 0645C7141C3D15F80075AC77 /* MyCenterDemo.app */;
			productType = "com.apple.product-type.application";
		};
		0645C72C1C3D15F80075AC77 /* MyCenterDemoTests */ = {
			isa = PBXNativeTarget;
			buildConfigurationList = 0645C7441C3D15F80075AC77 /* Build configuration list for PBXNativeTarget "MyCenterDemoTests" */;
			buildPhases = (
				0645C7291C3D15F80075AC77 /* Sources */,
				0645C72A1C3D15F80075AC77 /* Frameworks */,
				0645C72B1C3D15F80075AC77 /* Resources */,
			);
			buildRules = (
			);
			dependencies = (
				0645C72F1C3D15F80075AC77 /* PBXTargetDependency */,
			);
			name = MyCenterDemoTests;
			productName = MyCenterDemoTests;
			productReference = 0645C72D1C3D15F80075AC77 /* MyCenterDemoTests.xctest */;
			productType = "com.apple.product-type.bundle.unit-test";
		};
		0645C7371C3D15F80075AC77 /* MyCenterDemoUITests */ = {
			isa = PBXNativeTarget;
			buildConfigurationList = 0645C7471C3D15F80075AC77 /* Build configuration list for PBXNativeTarget "MyCenterDemoUITests" */;
			buildPhases = (
				0645C7341C3D15F80075AC77 /* Sources */,
				0645C7351C3D15F80075AC77 /* Frameworks */,
				0645C7361C3D15F80075AC77 /* Resources */,
			);
			buildRules = (
			);
			dependencies = (
				0645C73A1C3D15F80075AC77 /* PBXTargetDependency */,
			);
			name = MyCenterDemoUITests;
			productName = MyCenterDemoUITests;
			productReference = 0645C7381C3D15F80075AC77 /* MyCenterDemoUITests.xctest */;
			productType = "com.apple.product-type.bundle.ui-testing";
		};
/* End PBXNativeTarget section */

/* Begin PBXProject section */
		0645C70C1C3D15F80075AC77 /* Project object */ = {
			isa = PBXProject;
			attributes = {
				LastUpgradeCheck = 0720;
				ORGANIZATIONNAME = zyh;
				TargetAttributes = {
					0645C7131C3D15F80075AC77 = {
						CreatedOnToolsVersion = 7.2;
					};
					0645C72C1C3D15F80075AC77 = {
						CreatedOnToolsVersion = 7.2;
						TestTargetID = 0645C7131C3D15F80075AC77;
					};
					0645C7371C3D15F80075AC77 = {
						CreatedOnToolsVersion = 7.2;
						TestTargetID = 0645C7131C3D15F80075AC77;
					};
				};
			};
			buildConfigurationList = 0645C70F1C3D15F80075AC77 /* Build configuration list for PBXProject "MyCenterDemo" */;
			compatibilityVersion = "Xcode 3.2";
			developmentRegion = English;
			hasScannedForEncodings = 0;
			knownRegions = (
				en,
				Base,
			);
			mainGroup = 0645C70B1C3D15F70075AC77;
			productRefGroup = 0645C7151C3D15F80075AC77 /* Products */;
			projectDirPath = "";
			projectRoot = "";
			targets = (
				0645C7131C3D15F80075AC77 /* MyCenterDemo */,
				0645C72C1C3D15F80075AC77 /* MyCenterDemoTests */,
				0645C7371C3D15F80075AC77 /* MyCenterDemoUITests */,
			);
		};
/* End PBXProject section */

/* Begin PBXResourcesBuildPhase section */
		0645C7121C3D15F80075AC77 /* Resources */ = {
			isa = PBXResourcesBuildPhase;
			buildActionMask = 2147483647;
			files = (
				0645C7271C3D15F80075AC77 /* LaunchScreen.storyboard in Resources */,
				0645C7241C3D15F80075AC77 /* Assets.xcassets in Resources */,
				0645C7221C3D15F80075AC77 /* Main.storyboard in Resources */,
			);
			runOnlyForDeploymentPostprocessing = 0;
		};
		0645C72B1C3D15F80075AC77 /* Resources */ = {
			isa = PBXResourcesBuildPhase;
			buildActionMask = 2147483647;
			files = (
			);
			runOnlyForDeploymentPostprocessing = 0;
		};
		0645C7361C3D15F80075AC77 /* Resources */ = {
			isa = PBXResourcesBuildPhase;
			buildActionMask = 2147483647;
			files = (
			);
			runOnlyForDeploymentPostprocessing = 0;
		};
/* End PBXResourcesBuildPhase section */

/* Begin PBXSourcesBuildPhase section */
		0645C7101C3D15F80075AC77 /* Sources */ = {
			isa = PBXSourcesBuildPhase;
			buildActionMask = 2147483647;
			files = (
				0645C71F1C3D15F80075AC77 /* ViewController.m in Sources */,
				0645C71C1C3D15F80075AC77 /* AppDelegate.m in Sources */,
				0645C7191C3D15F80075AC77 /* main.m in Sources */,
			);
			runOnlyForDeploymentPostprocessing = 0;
		};
		0645C7291C3D15F80075AC77 /* Sources */ = {
			isa = PBXSourcesBuildPhase;
			buildActionMask = 2147483647;
			files = (
				0645C7321C3D15F80075AC77 /* MyCenterDemoTests.m in Sources */,
			);
			runOnlyForDeploymentPostprocessing = 0;
		};
		0645C7341C3D15F80075AC77 /* Sources */ = {
			isa = PBXSourcesBuildPhase;
			buildActionMask = 2147483647;
			files = (
				0645C73D1C3D15F80075AC77 /* MyCenterDemoUITests.m in Sources */,
			);
			runOnlyForDeploymentPostprocessing = 0;
		};
/* End PBXSourcesBuildPhase section */

/* Begin PBXTargetDependency section */
		0645C72F1C3D15F80075AC77 /* PBXTargetDependency */ = {
			isa = PBXTargetDependency;
			target = 0645C7131C3D15F80075AC77 /* MyCenterDemo */;
			targetProxy = 0645C72E1C3D15F80075AC77 /* PBXContainerItemProxy */;
		};
		0645C73A1C3D15F80075AC77 /* PBXTargetDependency */ = {
			isa = PBXTargetDependency;
			target = 0645C7131C3D15F80075AC77 /* MyCenterDemo */;
			targetProxy = 0645C7391C3D15F80075AC77 /* PBXContainerItemProxy */;
		};
/* End PBXTargetDependency section */

/* Begin PBXVariantGroup section */
		0645C7201C3D15F80075AC77 /* Main.storyboard */ = {
			isa = PBXVariantGroup;
			children = (
				0645C7211C3D15F80075AC77 /* Base */,
			);
			name = Main.storyboard;
			sourceTree = "<group>";
		};
		0645C7251C3D15F80075AC77 /* LaunchScreen.storyboard */ = {
			isa = PBXVariantGroup;
			children = (
				0645C7261C3D15F80075AC77 /* Base */,
			);
			name = LaunchScreen.storyboard;
			sourceTree = "<group>";
		};
/* End PBXVariantGroup section */

/* Begin XCBuildConfiguration section */
		0645C73F1C3D15F80075AC77 /* Debug */ = {
			isa = XCBuildConfiguration;
			buildSettings = {
				ALWAYS_SEARCH_USER_PATHS = NO;
				CLANG_CXX_LANGUAGE_STANDARD = "gnu++0x";
				CLANG_CXX_LIBRARY = "libc++";
				CLANG_ENABLE_MODULES = YES;
				CLANG_ENABLE_OBJC_ARC = YES;
				CLANG_WARN_BOOL_CONVERSION = YES;
				CLANG_WARN_CONSTANT_CONVERSION = YES;
				CLANG_WARN_DIRECT_OBJC_ISA_USAGE = YES_ERROR;
				CLANG_WARN_EMPTY_BODY = YES;
				CLANG_WARN_ENUM_CONVERSION = YES;
				CLANG_WARN_INT_CONVERSION = YES;
				CLANG_WARN_OBJC_ROOT_CLASS = YES_ERROR;
				CLANG_WARN_UNREACHABLE_CODE = YES;
				CLANG_WARN__DUPLICATE_METHOD_MATCH = YES;
				"CODE_SIGN_IDENTITY[sdk=iphoneos*]" = "iPhone Developer";
				COPY_PHASE_STRIP = NO;
				DEBUG_INFORMATION_FORMAT = dwarf;
				ENABLE_STRICT_OBJC_MSGSEND = YES;
				ENABLE_TESTABILITY = YES;
				GCC_C_LANGUAGE_STANDARD = gnu99;
				GCC_DYNAMIC_NO_PIC = NO;
				GCC_NO_COMMON_BLOCKS = YES;
				GCC_OPTIMIZATION_LEVEL = 0;
				GCC_PREPROCESSOR_DEFINITIONS = (
					"DEBUG=1",
					"$(inherited)",
				);
				GCC_WARN_64_TO_32_BIT_CONVERSION = YES;
				GCC_WARN_ABOUT_RETURN_TYPE = YES_ERROR;
				GCC_WARN_UNDECLARED_SELECTOR = YES;
				GCC_WARN_UNINITIALIZED_AUTOS = YES_AGGRESSIVE;
				GCC_WARN_UNUSED_FUNCTION = YES;
				GCC_WARN_UNUSED_VARIABLE = YES;
				IPHONEOS_DEPLOYMENT_TARGET = 9.2;
				MTL_ENABLE_DEBUG_INFO = YES;
				ONLY_ACTIVE_ARCH = YES;
				SDKROOT = iphoneos;
				TARGETED_DEVICE_FAMILY = "1,2";
			};
			name = Debug;
		};
		0645C7401C3D15F80075AC77 /* Release */ = {
			isa = XCBuildConfiguration;
			buildSettings = {
				ALWAYS_SEARCH_USER_PATHS = NO;
				CLANG_CXX_LANGUAGE_STANDARD = "gnu++0x";
				CLANG_CXX_LIBRARY = "libc++";
				CLANG_ENABLE_MODULES = YES;
				CLANG_ENABLE_OBJC_ARC = YES;
				CLANG_WARN_BOOL_CONVERSION = YES;
				CLANG_WARN_CONSTANT_CONVERSION = YES;
				CLANG_WARN_DIRECT_OBJC_ISA_USAGE = YES_ERROR;
				CLANG_WARN_EMPTY_BODY = YES;
				CLANG_WARN_ENUM_CONVERSION = YES;
				CLANG_WARN_INT_CONVERSION = YES;
				CLANG_WARN_OBJC_ROOT_CLASS = YES_ERROR;
				CLANG_WARN_UNREACHABLE_CODE = YES;
				CLANG_WARN__DUPLICATE_METHOD_MATCH = YES;
				"CODE_SIGN_IDENTITY[sdk=iphoneos*]" = "iPhone Developer";
				COPY_PHASE_STRIP = NO;
				DEBUG_INFORMATION_FORMAT = "dwarf-with-dsym";
				ENABLE_NS_ASSERTIONS = NO;
				ENABLE_STRICT_OBJC_MSGSEND = YES;
				GCC_C_LANGUAGE_STANDARD = gnu99;
				GCC_NO_COMMON_BLOCKS = YES;
				GCC_WARN_64_TO_32_BIT_CONVERSION = YES;
				GCC_WARN_ABOUT_RETURN_TYPE = YES_ERROR;
				GCC_WARN_UNDECLARED_SELECTOR = YES;
				GCC_WARN_UNINITIALIZED_AUTOS = YES_AGGRESSIVE;
				GCC_WARN_UNUSED_FUNCTION = YES;
				GCC_WARN_UNUSED_VARIABLE = YES;
				IPHONEOS_DEPLOYMENT_TARGET = 9.2;
				MTL_ENABLE_DEBUG_INFO = NO;
				SDKROOT = iphoneos;
				TARGETED_DEVICE_FAMILY = "1,2";
				VALIDATE_PRODUCT = YES;
			};
			name = Release;
		};
		0645C7421C3D15F80075AC77 /* Debug */ = {
			isa = XCBuildConfiguration;
			buildSettings = {
				ASSETCATALOG_COMPILER_APPICON_NAME = AppIcon;
				INFOPLIST_FILE = MyCenterDemo/Info.plist;
				LD_RUNPATH_SEARCH_PATHS = "$(inherited) @executable_path/Frameworks";
				PRODUCT_BUNDLE_IDENTIFIER = yunfeng.MyCenterDemo;
				PRODUCT_NAME = "$(TARGET_NAME)";
			};
			name = Debug;
		};
		0645C7431C3D15F80075AC77 /* Release */ = {
			isa = XCBuildConfiguration;
			buildSettings = {
				ASSETCATALOG_COMPILER_APPICON_NAME = AppIcon;
				INFOPLIST_FILE = MyCenterDemo/Info.plist;
				LD_RUNPATH_SEARCH_PATHS = "$(inherited) @executable_path/Frameworks";
				PRODUCT_BUNDLE_IDENTIFIER = yunfeng.MyCenterDemo;
				PRODUCT_NAME = "$(TARGET_NAME)";
			};
			name = Release;
		};
		0645C7451C3D15F80075AC77 /* Debug */ = {
			isa = XCBuildConfiguration;
			buildSettings = {
				BUNDLE_LOADER = "$(TEST_HOST)";
				INFOPLIST_FILE = MyCenterDemoTests/Info.plist;
				LD_RUNPATH_SEARCH_PATHS = "$(inherited) @executable_path/Frameworks @loader_path/Frameworks";
				PRODUCT_BUNDLE_IDENTIFIER = yunfeng.MyCenterDemoTests;
				PRODUCT_NAME = "$(TARGET_NAME)";
				TEST_HOST = "$(BUILT_PRODUCTS_DIR)/MyCenterDemo.app/MyCenterDemo";
			};
			name = Debug;
		};
		0645C7461C3D15F80075AC77 /* Release */ = {
			isa = XCBuildConfiguration;
			buildSettings = {
				BUNDLE_LOADER = "$(TEST_HOST)";
				INFOPLIST_FILE = MyCenterDemoTests/Info.plist;
				LD_RUNPATH_SEARCH_PATHS = "$(inherited) @executable_path/Frameworks @loader_path/Frameworks";
				PRODUCT_BUNDLE_IDENTIFIER = yunfeng.MyCenterDemoTests;
				PRODUCT_NAME = "$(TARGET_NAME)";
				TEST_HOST = "$(BUILT_PRODUCTS_DIR)/MyCenterDemo.app/MyCenterDemo";
			};
			name = Release;
		};
		0645C7481C3D15F80075AC77 /* Debug */ = {
			isa = XCBuildConfiguration;
			buildSettings = {
				INFOPLIST_FILE = MyCenterDemoUITests/Info.plist;
				LD_RUNPATH_SEARCH_PATHS = "$(inherited) @executable_path/Frameworks @loader_path/Frameworks";
				PRODUCT_BUNDLE_IDENTIFIER = yunfeng.MyCenterDemoUITests;
				PRODUCT_NAME = "$(TARGET_NAME)";
				TEST_TARGET_NAME = MyCenterDemo;
				USES_XCTRUNNER = YES;
			};
			name = Debug;
		};
		0645C7491C3D15F80075AC77 /* Release */ = {
			isa = XCBuildConfiguration;
			buildSettings = {
				INFOPLIST_FILE = MyCenterDemoUITests/Info.plist;
				LD_RUNPATH_SEARCH_PATHS = "$(inherited) @executable_path/Frameworks @loader_path/Frameworks";
				PRODUCT_BUNDLE_IDENTIFIER = yunfeng.MyCenterDemoUITests;
				PRODUCT_NAME = "$(TARGET_NAME)";
				TEST_TARGET_NAME = MyCenterDemo;
				USES_XCTRUNNER = YES;
			};
			name = Release;
		};
/* End XCBuildConfiguration section */

/* Begin XCConfigurationList section */
		0645C70F1C3D15F80075AC77 /* Build configuration list for PBXProject "MyCenterDemo" */ = {
			isa = XCConfigurationList;
			buildConfigurations = (
				0645C73F1C3D15F80075AC77 /* Debug */,
				0645C7401C3D15F80075AC77 /* Release */,
			);
			defaultConfigurationIsVisible = 0;
			defaultConfigurationName = Release;
		};
		0645C7411C3D15F80075AC77 /* Build configuration list for PBXNativeTarget "MyCenterDemo" */ = {
			isa = XCConfigurationList;
			buildConfigurations = (
				0645C7421C3D15F80075AC77 /* Debug */,
				0645C7431C3D15F80075AC77 /* Release */,
			);
			defaultConfigurationIsVisible = 0;
		};
		0645C7441C3D15F80075AC77 /* Build configuration list for PBXNativeTarget "MyCenterDemoTests" */ = {
			isa = XCConfigurationList;
			buildConfigurations = (
				0645C7451C3D15F80075AC77 /* Debug */,
				0645C7461C3D15F80075AC77 /* Release */,
			);
			defaultConfigurationIsVisible = 0;
		};
		0645C7471C3D15F80075AC77 /* Build configuration list for PBXNativeTarget "MyCenterDemoUITests" */ = {
			isa = XCConfigurationList;
			buildConfigurations = (
				0645C7481C3D15F80075AC77 /* Debug */,
				0645C7491C3D15F80075AC77 /* Release */,
			);
			defaultConfigurationIsVisible = 0;
		};
/* End XCConfigurationList section */
	};
	rootObject = 0645C70C1C3D15F80075AC77 /* Project object */;
}
